
Microsoft Visual Studio Solution File, Format Version 12.00
# Visual Studio 2013
VisualStudioVersion = 12.0.30501.0
MinimumVisualStudioVersion = 10.0.40219.1
Project("{FAE04EC0-301F-11D3-BF4B-00C04F79EFBC}") = "TP3BD", "ConsoleApplication1\TP3BD.csproj", "{44B06567-F55F-47E2-AB4F-9E88C2F43269}"
EndProject
Global
	GlobalSection(SolutionConfigurationPlatforms) = preSolution
		Debug|Any CPU = Debug|Any CPU
		Release|Any CPU = Release|Any CPU
	EndGlobalSection
	GlobalSection(ProjectConfigurationPlatforms) = postSolution
		{44B06567-F55F-47E2-AB4F-9E88C2F43269}.Debug|Any CPU.ActiveCfg = Debug|Any CPU
		{44B06567-F55F-47E2-AB4F-9E88C2F43269}.Debug|Any CPU.Build.0 = Debug|Any CPU
		{44B06567-F55F-47E2-AB4F-9E88C2F43269}.Release|Any CPU.ActiveCfg = Release|Any CPU
		{44B06567-F55F-47E2-AB4F-9E88C2F43269}.Release|Any CPU.Build.0 = Release|Any CPU
	EndGlobalSection
	GlobalSection(SolutionProperties) = preSolution
		HideSolutionNode = FALSE
	EndGlobalSection
EndGlobal
